{
  "name": "demo",
  "version": "1.0.0",
  "lockfileVersion": 1,
  "requires": true,
  "dependencies": {
    "cumulocity-ui-build": {
      "version": "http://resources.cumulocity.com/webapps/ui/9.0.2.tar.gz",
      "integrity": "sha512-lWJWFX2Iqpon55d1usqBCjwCzY8WqLnD42NCLfcuZ51U0TfP8uapd2hr6VZQpGbloiFTblKzZsLfPDSRMENi9g=="
    }
  }
}
