# THIS IS AN AUTOGENERATED FILE. DO NOT EDIT THIS FILE DIRECTLY.
# yarn lockfile v1


angular-google-chart@^0.1.0:
  version "0.1.0"
  resolved "https://registry.yarnpkg.com/angular-google-chart/-/angular-google-chart-0.1.0.tgz#ccfcee5aeb8e02f230730fd75f996f5410ca19d0"
  dependencies:
    angular ">1.2.9"

angular@>1.2.9:
  version "1.6.9"
  resolved "https://registry.yarnpkg.com/angular/-/angular-1.6.9.tgz#bc812932e18909038412d594a5990f4bb66c0619"

"cumulocity-ui-build@http://resources.cumulocity.com/webapps/ui/9.0.2.tar.gz":
  version "9.0.2"
  resolved "http://resources.cumulocity.com/webapps/ui/9.0.2.tar.gz#a09f72a3ee2289e0cb13796f0215f76f7e0f74ac"
